
Microsoft Visual Studio Solution File, Format Version 12.00
# Visual Studio 14
VisualStudioVersion = 14.0.25420.1
MinimumVisualStudioVersion = 10.0.40219.1
Project("{FAE04EC0-301F-11D3-BF4B-00C04F79EFBC}") = "Wordclock.Core", "Wordclock.Core\Wordclock.Core.csproj", "{178505CE-89D9-45E7-BF63-3FDB5FB67A25}"
EndProject
Project("{FAE04EC0-301F-11D3-BF4B-00C04F79EFBC}") = "Wordclock.TestConsole", "Wordclock.TestConsole\Wordclock.TestConsole.csproj", "{7C65984A-4DDF-41C9-878D-935D45C07226}"
EndProject
Project("{FAE04EC0-301F-11D3-BF4B-00C04F79EFBC}") = "Wordclock.ManagementService", "Wordclock.ManagementService\Wordclock.ManagementService.csproj", "{D407D7D0-D610-407D-AD90-B9E22BC67444}"
EndProject
Project("{FAE04EC0-301F-11D3-BF4B-00C04F79EFBC}") = "Wordclock.WSRenderEngine", "Wordclock.WSRenderEngine\Wordclock.WSRenderEngine.csproj", "{8C93EB34-4EC9-4E6A-8B2D-B042B3C2F627}"
EndProject
Project("{FAE04EC0-301F-11D3-BF4B-00C04F79EFBC}") = "Wordclock", "Wordclock\Wordclock.csproj", "{7E4BFF2C-0076-48A4-8126-6AA3DBA84C19}"
EndProject
Project("{FAE04EC0-301F-11D3-BF4B-00C04F79EFBC}") = "Wordclock.Shared", "Wordclock.Shared\Wordclock.Shared.csproj", "{CC8F3932-B535-4B4E-9278-E78430B31C28}"
EndProject
Project("{2150E333-8FDC-42A3-9474-1A3956D46DE8}") = "Mobile", "Mobile", "{768E3A47-E494-479A-9485-FE9790A13571}"
EndProject
Project("{FAE04EC0-301F-11D3-BF4B-00C04F79EFBC}") = "Wordclock.Mobile", "Wordclock.Mobile\Wordclock.Mobile\Wordclock.Mobile.csproj", "{A1352E65-AAA0-4E77-B1BC-F988BCCA1CF8}"
EndProject
Project("{FAE04EC0-301F-11D3-BF4B-00C04F79EFBC}") = "Wordclock.Mobile.Droid", "Wordclock.Mobile\Wordclock.Mobile.Droid\Wordclock.Mobile.Droid.csproj", "{9A313E04-A3B4-4D37-A17C-180F9CFDCA60}"
EndProject
Global
	GlobalSection(SolutionConfigurationPlatforms) = preSolution
		Debug|Any CPU = Debug|Any CPU
		Debug|ARM = Debug|ARM
		Debug|x64 = Debug|x64
		Debug|x86 = Debug|x86
		Release|Any CPU = Release|Any CPU
		Release|ARM = Release|ARM
		Release|x64 = Release|x64
		Release|x86 = Release|x86
	EndGlobalSection
	GlobalSection(ProjectConfigurationPlatforms) = postSolution
		{178505CE-89D9-45E7-BF63-3FDB5FB67A25}.Debug|Any CPU.ActiveCfg = Debug|Any CPU
		{178505CE-89D9-45E7-BF63-3FDB5FB67A25}.Debug|Any CPU.Build.0 = Debug|Any CPU
		{178505CE-89D9-45E7-BF63-3FDB5FB67A25}.Debug|ARM.ActiveCfg = Debug|Any CPU
		{178505CE-89D9-45E7-BF63-3FDB5FB67A25}.Debug|ARM.Build.0 = Debug|Any CPU
		{178505CE-89D9-45E7-BF63-3FDB5FB67A25}.Debug|x64.ActiveCfg = Debug|Any CPU
		{178505CE-89D9-45E7-BF63-3FDB5FB67A25}.Debug|x64.Build.0 = Debug|Any CPU
		{178505CE-89D9-45E7-BF63-3FDB5FB67A25}.Debug|x86.ActiveCfg = Debug|Any CPU
		{178505CE-89D9-45E7-BF63-3FDB5FB67A25}.Debug|x86.Build.0 = Debug|Any CPU
		{178505CE-89D9-45E7-BF63-3FDB5FB67A25}.Release|Any CPU.ActiveCfg = Release|Any CPU
		{178505CE-89D9-45E7-BF63-3FDB5FB67A25}.Release|Any CPU.Build.0 = Release|Any CPU
		{178505CE-89D9-45E7-BF63-3FDB5FB67A25}.Release|ARM.ActiveCfg = Release|Any CPU
		{178505CE-89D9-45E7-BF63-3FDB5FB67A25}.Release|ARM.Build.0 = Release|Any CPU
		{178505CE-89D9-45E7-BF63-3FDB5FB67A25}.Release|x64.ActiveCfg = Release|Any CPU
		{178505CE-89D9-45E7-BF63-3FDB5FB67A25}.Release|x64.Build.0 = Release|Any CPU
		{178505CE-89D9-45E7-BF63-3FDB5FB67A25}.Release|x86.ActiveCfg = Release|Any CPU
		{178505CE-89D9-45E7-BF63-3FDB5FB67A25}.Release|x86.Build.0 = Release|Any CPU
		{7C65984A-4DDF-41C9-878D-935D45C07226}.Debug|Any CPU.ActiveCfg = Debug|Any CPU
		{7C65984A-4DDF-41C9-878D-935D45C07226}.Debug|Any CPU.Build.0 = Debug|Any CPU
		{7C65984A-4DDF-41C9-878D-935D45C07226}.Debug|ARM.ActiveCfg = Debug|Any CPU
		{7C65984A-4DDF-41C9-878D-935D45C07226}.Debug|ARM.Build.0 = Debug|Any CPU
		{7C65984A-4DDF-41C9-878D-935D45C07226}.Debug|x64.ActiveCfg = Debug|Any CPU
		{7C65984A-4DDF-41C9-878D-935D45C07226}.Debug|x64.Build.0 = Debug|Any CPU
		{7C65984A-4DDF-41C9-878D-935D45C07226}.Debug|x86.ActiveCfg = Debug|Any CPU
		{7C65984A-4DDF-41C9-878D-935D45C07226}.Debug|x86.Build.0 = Debug|Any CPU
		{7C65984A-4DDF-41C9-878D-935D45C07226}.Release|Any CPU.ActiveCfg = Release|Any CPU
		{7C65984A-4DDF-41C9-878D-935D45C07226}.Release|Any CPU.Build.0 = Release|Any CPU
		{7C65984A-4DDF-41C9-878D-935D45C07226}.Release|ARM.ActiveCfg = Release|Any CPU
		{7C65984A-4DDF-41C9-878D-935D45C07226}.Release|ARM.Build.0 = Release|Any CPU
		{7C65984A-4DDF-41C9-878D-935D45C07226}.Release|x64.ActiveCfg = Release|Any CPU
		{7C65984A-4DDF-41C9-878D-935D45C07226}.Release|x64.Build.0 = Release|Any CPU
		{7C65984A-4DDF-41C9-878D-935D45C07226}.Release|x86.ActiveCfg = Release|Any CPU
		{7C65984A-4DDF-41C9-878D-935D45C07226}.Release|x86.Build.0 = Release|Any CPU
		{D407D7D0-D610-407D-AD90-B9E22BC67444}.Debug|Any CPU.ActiveCfg = Debug|Any CPU
		{D407D7D0-D610-407D-AD90-B9E22BC67444}.Debug|Any CPU.Build.0 = Debug|Any CPU
		{D407D7D0-D610-407D-AD90-B9E22BC67444}.Debug|ARM.ActiveCfg = Debug|Any CPU
		{D407D7D0-D610-407D-AD90-B9E22BC67444}.Debug|ARM.Build.0 = Debug|Any CPU
		{D407D7D0-D610-407D-AD90-B9E22BC67444}.Debug|x64.ActiveCfg = Debug|Any CPU
		{D407D7D0-D610-407D-AD90-B9E22BC67444}.Debug|x64.Build.0 = Debug|Any CPU
		{D407D7D0-D610-407D-AD90-B9E22BC67444}.Debug|x86.ActiveCfg = Debug|Any CPU
		{D407D7D0-D610-407D-AD90-B9E22BC67444}.Debug|x86.Build.0 = Debug|Any CPU
		{D407D7D0-D610-407D-AD90-B9E22BC67444}.Release|Any CPU.ActiveCfg = Release|Any CPU
		{D407D7D0-D610-407D-AD90-B9E22BC67444}.Release|Any CPU.Build.0 = Release|Any CPU
		{D407D7D0-D610-407D-AD90-B9E22BC67444}.Release|ARM.ActiveCfg = Release|Any CPU
		{D407D7D0-D610-407D-AD90-B9E22BC67444}.Release|ARM.Build.0 = Release|Any CPU
		{D407D7D0-D610-407D-AD90-B9E22BC67444}.Release|x64.ActiveCfg = Release|Any CPU
		{D407D7D0-D610-407D-AD90-B9E22BC67444}.Release|x64.Build.0 = Release|Any CPU
		{D407D7D0-D610-407D-AD90-B9E22BC67444}.Release|x86.ActiveCfg = Release|Any CPU
		{D407D7D0-D610-407D-AD90-B9E22BC67444}.Release|x86.Build.0 = Release|Any CPU
		{8C93EB34-4EC9-4E6A-8B2D-B042B3C2F627}.Debug|Any CPU.ActiveCfg = Debug|Any CPU
		{8C93EB34-4EC9-4E6A-8B2D-B042B3C2F627}.Debug|Any CPU.Build.0 = Debug|Any CPU
		{8C93EB34-4EC9-4E6A-8B2D-B042B3C2F627}.Debug|ARM.ActiveCfg = Debug|Any CPU
		{8C93EB34-4EC9-4E6A-8B2D-B042B3C2F627}.Debug|ARM.Build.0 = Debug|Any CPU
		{8C93EB34-4EC9-4E6A-8B2D-B042B3C2F627}.Debug|x64.ActiveCfg = Debug|Any CPU
		{8C93EB34-4EC9-4E6A-8B2D-B042B3C2F627}.Debug|x64.Build.0 = Debug|Any CPU
		{8C93EB34-4EC9-4E6A-8B2D-B042B3C2F627}.Debug|x86.ActiveCfg = Debug|Any CPU
		{8C93EB34-4EC9-4E6A-8B2D-B042B3C2F627}.Debug|x86.Build.0 = Debug|Any CPU
		{8C93EB34-4EC9-4E6A-8B2D-B042B3C2F627}.Release|Any CPU.ActiveCfg = Release|Any CPU
		{8C93EB34-4EC9-4E6A-8B2D-B042B3C2F627}.Release|Any CPU.Build.0 = Release|Any CPU
		{8C93EB34-4EC9-4E6A-8B2D-B042B3C2F627}.Release|ARM.ActiveCfg = Release|Any CPU
		{8C93EB34-4EC9-4E6A-8B2D-B042B3C2F627}.Release|ARM.Build.0 = Release|Any CPU
		{8C93EB34-4EC9-4E6A-8B2D-B042B3C2F627}.Release|x64.ActiveCfg = Release|Any CPU
		{8C93EB34-4EC9-4E6A-8B2D-B042B3C2F627}.Release|x64.Build.0 = Release|Any CPU
		{8C93EB34-4EC9-4E6A-8B2D-B042B3C2F627}.Release|x86.ActiveCfg = Release|Any CPU
		{8C93EB34-4EC9-4E6A-8B2D-B042B3C2F627}.Release|x86.Build.0 = Release|Any CPU
		{7E4BFF2C-0076-48A4-8126-6AA3DBA84C19}.Debug|Any CPU.ActiveCfg = Debug|Any CPU
		{7E4BFF2C-0076-48A4-8126-6AA3DBA84C19}.Debug|Any CPU.Build.0 = Debug|Any CPU
		{7E4BFF2C-0076-48A4-8126-6AA3DBA84C19}.Debug|ARM.ActiveCfg = Debug|Any CPU
		{7E4BFF2C-0076-48A4-8126-6AA3DBA84C19}.Debug|ARM.Build.0 = Debug|Any CPU
		{7E4BFF2C-0076-48A4-8126-6AA3DBA84C19}.Debug|x64.ActiveCfg = Debug|Any CPU
		{7E4BFF2C-0076-48A4-8126-6AA3DBA84C19}.Debug|x64.Build.0 = Debug|Any CPU
		{7E4BFF2C-0076-48A4-8126-6AA3DBA84C19}.Debug|x86.ActiveCfg = Debug|Any CPU
		{7E4BFF2C-0076-48A4-8126-6AA3DBA84C19}.Debug|x86.Build.0 = Debug|Any CPU
		{7E4BFF2C-0076-48A4-8126-6AA3DBA84C19}.Release|Any CPU.ActiveCfg = Release|Any CPU
		{7E4BFF2C-0076-48A4-8126-6AA3DBA84C19}.Release|Any CPU.Build.0 = Release|Any CPU
		{7E4BFF2C-0076-48A4-8126-6AA3DBA84C19}.Release|ARM.ActiveCfg = Release|Any CPU
		{7E4BFF2C-0076-48A4-8126-6AA3DBA84C19}.Release|ARM.Build.0 = Release|Any CPU
		{7E4BFF2C-0076-48A4-8126-6AA3DBA84C19}.Release|x64.ActiveCfg = Release|Any CPU
		{7E4BFF2C-0076-48A4-8126-6AA3DBA84C19}.Release|x64.Build.0 = Release|Any CPU
		{7E4BFF2C-0076-48A4-8126-6AA3DBA84C19}.Release|x86.ActiveCfg = Release|Any CPU
		{7E4BFF2C-0076-48A4-8126-6AA3DBA84C19}.Release|x86.Build.0 = Release|Any CPU
		{CC8F3932-B535-4B4E-9278-E78430B31C28}.Debug|Any CPU.ActiveCfg = Debug|Any CPU
		{CC8F3932-B535-4B4E-9278-E78430B31C28}.Debug|Any CPU.Build.0 = Debug|Any CPU
		{CC8F3932-B535-4B4E-9278-E78430B31C28}.Debug|ARM.ActiveCfg = Debug|Any CPU
		{CC8F3932-B535-4B4E-9278-E78430B31C28}.Debug|ARM.Build.0 = Debug|Any CPU
		{CC8F3932-B535-4B4E-9278-E78430B31C28}.Debug|x64.ActiveCfg = Debug|Any CPU
		{CC8F3932-B535-4B4E-9278-E78430B31C28}.Debug|x64.Build.0 = Debug|Any CPU
		{CC8F3932-B535-4B4E-9278-E78430B31C28}.Debug|x86.ActiveCfg = Debug|Any CPU
		{CC8F3932-B535-4B4E-9278-E78430B31C28}.Debug|x86.Build.0 = Debug|Any CPU
		{CC8F3932-B535-4B4E-9278-E78430B31C28}.Release|Any CPU.ActiveCfg = Release|Any CPU
		{CC8F3932-B535-4B4E-9278-E78430B31C28}.Release|Any CPU.Build.0 = Release|Any CPU
		{CC8F3932-B535-4B4E-9278-E78430B31C28}.Release|ARM.ActiveCfg = Release|Any CPU
		{CC8F3932-B535-4B4E-9278-E78430B31C28}.Release|ARM.Build.0 = Release|Any CPU
		{CC8F3932-B535-4B4E-9278-E78430B31C28}.Release|x64.ActiveCfg = Release|Any CPU
		{CC8F3932-B535-4B4E-9278-E78430B31C28}.Release|x64.Build.0 = Release|Any CPU
		{CC8F3932-B535-4B4E-9278-E78430B31C28}.Release|x86.ActiveCfg = Release|Any CPU
		{CC8F3932-B535-4B4E-9278-E78430B31C28}.Release|x86.Build.0 = Release|Any CPU
		{A1352E65-AAA0-4E77-B1BC-F988BCCA1CF8}.Debug|Any CPU.ActiveCfg = Debug|Any CPU
		{A1352E65-AAA0-4E77-B1BC-F988BCCA1CF8}.Debug|Any CPU.Build.0 = Debug|Any CPU
		{A1352E65-AAA0-4E77-B1BC-F988BCCA1CF8}.Debug|ARM.ActiveCfg = Debug|Any CPU
		{A1352E65-AAA0-4E77-B1BC-F988BCCA1CF8}.Debug|ARM.Build.0 = Debug|Any CPU
		{A1352E65-AAA0-4E77-B1BC-F988BCCA1CF8}.Debug|x64.ActiveCfg = Debug|Any CPU
		{A1352E65-AAA0-4E77-B1BC-F988BCCA1CF8}.Debug|x64.Build.0 = Debug|Any CPU
		{A1352E65-AAA0-4E77-B1BC-F988BCCA1CF8}.Debug|x86.ActiveCfg = Debug|Any CPU
		{A1352E65-AAA0-4E77-B1BC-F988BCCA1CF8}.Debug|x86.Build.0 = Debug|Any CPU
		{A1352E65-AAA0-4E77-B1BC-F988BCCA1CF8}.Release|Any CPU.ActiveCfg = Release|Any CPU
		{A1352E65-AAA0-4E77-B1BC-F988BCCA1CF8}.Release|Any CPU.Build.0 = Release|Any CPU
		{A1352E65-AAA0-4E77-B1BC-F988BCCA1CF8}.Release|ARM.ActiveCfg = Release|Any CPU
		{A1352E65-AAA0-4E77-B1BC-F988BCCA1CF8}.Release|ARM.Build.0 = Release|Any CPU
		{A1352E65-AAA0-4E77-B1BC-F988BCCA1CF8}.Release|x64.ActiveCfg = Release|Any CPU
		{A1352E65-AAA0-4E77-B1BC-F988BCCA1CF8}.Release|x64.Build.0 = Release|Any CPU
		{A1352E65-AAA0-4E77-B1BC-F988BCCA1CF8}.Release|x86.ActiveCfg = Release|Any CPU
		{A1352E65-AAA0-4E77-B1BC-F988BCCA1CF8}.Release|x86.Build.0 = Release|Any CPU
		{9A313E04-A3B4-4D37-A17C-180F9CFDCA60}.Debug|Any CPU.ActiveCfg = Debug|Any CPU
		{9A313E04-A3B4-4D37-A17C-180F9CFDCA60}.Debug|Any CPU.Build.0 = Debug|Any CPU
		{9A313E04-A3B4-4D37-A17C-180F9CFDCA60}.Debug|Any CPU.Deploy.0 = Debug|Any CPU
		{9A313E04-A3B4-4D37-A17C-180F9CFDCA60}.Debug|ARM.ActiveCfg = Debug|Any CPU
		{9A313E04-A3B4-4D37-A17C-180F9CFDCA60}.Debug|ARM.Build.0 = Debug|Any CPU
		{9A313E04-A3B4-4D37-A17C-180F9CFDCA60}.Debug|ARM.Deploy.0 = Debug|Any CPU
		{9A313E04-A3B4-4D37-A17C-180F9CFDCA60}.Debug|x64.ActiveCfg = Debug|Any CPU
		{9A313E04-A3B4-4D37-A17C-180F9CFDCA60}.Debug|x64.Build.0 = Debug|Any CPU
		{9A313E04-A3B4-4D37-A17C-180F9CFDCA60}.Debug|x64.Deploy.0 = Debug|Any CPU
		{9A313E04-A3B4-4D37-A17C-180F9CFDCA60}.Debug|x86.ActiveCfg = Debug|Any CPU
		{9A313E04-A3B4-4D37-A17C-180F9CFDCA60}.Debug|x86.Build.0 = Debug|Any CPU
		{9A313E04-A3B4-4D37-A17C-180F9CFDCA60}.Debug|x86.Deploy.0 = Debug|Any CPU
		{9A313E04-A3B4-4D37-A17C-180F9CFDCA60}.Release|Any CPU.ActiveCfg = Release|Any CPU
		{9A313E04-A3B4-4D37-A17C-180F9CFDCA60}.Release|Any CPU.Build.0 = Release|Any CPU
		{9A313E04-A3B4-4D37-A17C-180F9CFDCA60}.Release|Any CPU.Deploy.0 = Release|Any CPU
		{9A313E04-A3B4-4D37-A17C-180F9CFDCA60}.Release|ARM.ActiveCfg = Release|Any CPU
		{9A313E04-A3B4-4D37-A17C-180F9CFDCA60}.Release|ARM.Build.0 = Release|Any CPU
		{9A313E04-A3B4-4D37-A17C-180F9CFDCA60}.Release|ARM.Deploy.0 = Release|Any CPU
		{9A313E04-A3B4-4D37-A17C-180F9CFDCA60}.Release|x64.ActiveCfg = Release|Any CPU
		{9A313E04-A3B4-4D37-A17C-180F9CFDCA60}.Release|x64.Build.0 = Release|Any CPU
		{9A313E04-A3B4-4D37-A17C-180F9CFDCA60}.Release|x64.Deploy.0 = Release|Any CPU
		{9A313E04-A3B4-4D37-A17C-180F9CFDCA60}.Release|x86.ActiveCfg = Release|Any CPU
		{9A313E04-A3B4-4D37-A17C-180F9CFDCA60}.Release|x86.Build.0 = Release|Any CPU
		{9A313E04-A3B4-4D37-A17C-180F9CFDCA60}.Release|x86.Deploy.0 = Release|Any CPU
	EndGlobalSection
	GlobalSection(SolutionProperties) = preSolution
		HideSolutionNode = FALSE
	EndGlobalSection
	GlobalSection(NestedProjects) = preSolution
		{A1352E65-AAA0-4E77-B1BC-F988BCCA1CF8} = {768E3A47-E494-479A-9485-FE9790A13571}
		{9A313E04-A3B4-4D37-A17C-180F9CFDCA60} = {768E3A47-E494-479A-9485-FE9790A13571}
	EndGlobalSection
EndGlobal
