
Microsoft Visual Studio Solution File, Format Version 12.00
# Visual Studio Version 16
VisualStudioVersion = 16.0.30717.126
MinimumVisualStudioVersion = 10.0.40219.1
Project("{9A19103F-16F7-4668-BE54-9A1E7A4F7556}") = "Wordclock.Core", "Wordclock.Core\Wordclock.Core.csproj", "{178505CE-89D9-45E7-BF63-3FDB5FB67A25}"
EndProject
Project("{9A19103F-16F7-4668-BE54-9A1E7A4F7556}") = "Wordclock.TestConsole", "Wordclock.TestConsole\Wordclock.TestConsole.csproj", "{7C65984A-4DDF-41C9-878D-935D45C07226}"
EndProject
Project("{2150E333-8FDC-42A3-9474-1A3956D46DE8}") = "Tests", "Tests", "{C906AC19-40D4-43BA-AA13-20D60C5B164A}"
EndProject
Project("{9A19103F-16F7-4668-BE54-9A1E7A4F7556}") = "Wordclock.Core.Tests", "Wordclock.Core.Tests\Wordclock.Core.Tests.csproj", "{50A74CD0-0C8F-461B-8761-2ED5391E419A}"
EndProject
Project("{9A19103F-16F7-4668-BE54-9A1E7A4F7556}") = "Wordclock.App", "Wordclock.App\Wordclock.App.csproj", "{3A8C70A6-76BC-4725-9A31-CEF892556EB9}"
EndProject
Global
	GlobalSection(SolutionConfigurationPlatforms) = preSolution
		Ad-Hoc|Any CPU = Ad-Hoc|Any CPU
		Ad-Hoc|ARM = Ad-Hoc|ARM
		Ad-Hoc|iPhone = Ad-Hoc|iPhone
		Ad-Hoc|iPhoneSimulator = Ad-Hoc|iPhoneSimulator
		Ad-Hoc|x64 = Ad-Hoc|x64
		Ad-Hoc|x86 = Ad-Hoc|x86
		AppStore|Any CPU = AppStore|Any CPU
		AppStore|ARM = AppStore|ARM
		AppStore|iPhone = AppStore|iPhone
		AppStore|iPhoneSimulator = AppStore|iPhoneSimulator
		AppStore|x64 = AppStore|x64
		AppStore|x86 = AppStore|x86
		Debug|Any CPU = Debug|Any CPU
		Debug|ARM = Debug|ARM
		Debug|iPhone = Debug|iPhone
		Debug|iPhoneSimulator = Debug|iPhoneSimulator
		Debug|x64 = Debug|x64
		Debug|x86 = Debug|x86
		Release|Any CPU = Release|Any CPU
		Release|ARM = Release|ARM
		Release|iPhone = Release|iPhone
		Release|iPhoneSimulator = Release|iPhoneSimulator
		Release|x64 = Release|x64
		Release|x86 = Release|x86
	EndGlobalSection
	GlobalSection(ProjectConfigurationPlatforms) = postSolution
		{178505CE-89D9-45E7-BF63-3FDB5FB67A25}.Ad-Hoc|Any CPU.ActiveCfg = Release|Any CPU
		{178505CE-89D9-45E7-BF63-3FDB5FB67A25}.Ad-Hoc|Any CPU.Build.0 = Release|Any CPU
		{178505CE-89D9-45E7-BF63-3FDB5FB67A25}.Ad-Hoc|ARM.ActiveCfg = Release|Any CPU
		{178505CE-89D9-45E7-BF63-3FDB5FB67A25}.Ad-Hoc|ARM.Build.0 = Release|Any CPU
		{178505CE-89D9-45E7-BF63-3FDB5FB67A25}.Ad-Hoc|iPhone.ActiveCfg = Release|Any CPU
		{178505CE-89D9-45E7-BF63-3FDB5FB67A25}.Ad-Hoc|iPhone.Build.0 = Release|Any CPU
		{178505CE-89D9-45E7-BF63-3FDB5FB67A25}.Ad-Hoc|iPhoneSimulator.ActiveCfg = Release|Any CPU
		{178505CE-89D9-45E7-BF63-3FDB5FB67A25}.Ad-Hoc|iPhoneSimulator.Build.0 = Release|Any CPU
		{178505CE-89D9-45E7-BF63-3FDB5FB67A25}.Ad-Hoc|x64.ActiveCfg = Release|Any CPU
		{178505CE-89D9-45E7-BF63-3FDB5FB67A25}.Ad-Hoc|x64.Build.0 = Release|Any CPU
		{178505CE-89D9-45E7-BF63-3FDB5FB67A25}.Ad-Hoc|x86.ActiveCfg = Release|Any CPU
		{178505CE-89D9-45E7-BF63-3FDB5FB67A25}.Ad-Hoc|x86.Build.0 = Release|Any CPU
		{178505CE-89D9-45E7-BF63-3FDB5FB67A25}.AppStore|Any CPU.ActiveCfg = Release|Any CPU
		{178505CE-89D9-45E7-BF63-3FDB5FB67A25}.AppStore|Any CPU.Build.0 = Release|Any CPU
		{178505CE-89D9-45E7-BF63-3FDB5FB67A25}.AppStore|ARM.ActiveCfg = Release|Any CPU
		{178505CE-89D9-45E7-BF63-3FDB5FB67A25}.AppStore|ARM.Build.0 = Release|Any CPU
		{178505CE-89D9-45E7-BF63-3FDB5FB67A25}.AppStore|iPhone.ActiveCfg = Release|Any CPU
		{178505CE-89D9-45E7-BF63-3FDB5FB67A25}.AppStore|iPhone.Build.0 = Release|Any CPU
		{178505CE-89D9-45E7-BF63-3FDB5FB67A25}.AppStore|iPhoneSimulator.ActiveCfg = Release|Any CPU
		{178505CE-89D9-45E7-BF63-3FDB5FB67A25}.AppStore|iPhoneSimulator.Build.0 = Release|Any CPU
		{178505CE-89D9-45E7-BF63-3FDB5FB67A25}.AppStore|x64.ActiveCfg = Release|Any CPU
		{178505CE-89D9-45E7-BF63-3FDB5FB67A25}.AppStore|x64.Build.0 = Release|Any CPU
		{178505CE-89D9-45E7-BF63-3FDB5FB67A25}.AppStore|x86.ActiveCfg = Release|Any CPU
		{178505CE-89D9-45E7-BF63-3FDB5FB67A25}.AppStore|x86.Build.0 = Release|Any CPU
		{178505CE-89D9-45E7-BF63-3FDB5FB67A25}.Debug|Any CPU.ActiveCfg = Debug|Any CPU
		{178505CE-89D9-45E7-BF63-3FDB5FB67A25}.Debug|Any CPU.Build.0 = Debug|Any CPU
		{178505CE-89D9-45E7-BF63-3FDB5FB67A25}.Debug|ARM.ActiveCfg = Debug|Any CPU
		{178505CE-89D9-45E7-BF63-3FDB5FB67A25}.Debug|ARM.Build.0 = Debug|Any CPU
		{178505CE-89D9-45E7-BF63-3FDB5FB67A25}.Debug|iPhone.ActiveCfg = Debug|Any CPU
		{178505CE-89D9-45E7-BF63-3FDB5FB67A25}.Debug|iPhone.Build.0 = Debug|Any CPU
		{178505CE-89D9-45E7-BF63-3FDB5FB67A25}.Debug|iPhoneSimulator.ActiveCfg = Debug|Any CPU
		{178505CE-89D9-45E7-BF63-3FDB5FB67A25}.Debug|iPhoneSimulator.Build.0 = Debug|Any CPU
		{178505CE-89D9-45E7-BF63-3FDB5FB67A25}.Debug|x64.ActiveCfg = Debug|Any CPU
		{178505CE-89D9-45E7-BF63-3FDB5FB67A25}.Debug|x64.Build.0 = Debug|Any CPU
		{178505CE-89D9-45E7-BF63-3FDB5FB67A25}.Debug|x86.ActiveCfg = Debug|Any CPU
		{178505CE-89D9-45E7-BF63-3FDB5FB67A25}.Debug|x86.Build.0 = Debug|Any CPU
		{178505CE-89D9-45E7-BF63-3FDB5FB67A25}.Release|Any CPU.ActiveCfg = Release|Any CPU
		{178505CE-89D9-45E7-BF63-3FDB5FB67A25}.Release|Any CPU.Build.0 = Release|Any CPU
		{178505CE-89D9-45E7-BF63-3FDB5FB67A25}.Release|ARM.ActiveCfg = Release|Any CPU
		{178505CE-89D9-45E7-BF63-3FDB5FB67A25}.Release|ARM.Build.0 = Release|Any CPU
		{178505CE-89D9-45E7-BF63-3FDB5FB67A25}.Release|iPhone.ActiveCfg = Release|Any CPU
		{178505CE-89D9-45E7-BF63-3FDB5FB67A25}.Release|iPhone.Build.0 = Release|Any CPU
		{178505CE-89D9-45E7-BF63-3FDB5FB67A25}.Release|iPhoneSimulator.ActiveCfg = Release|Any CPU
		{178505CE-89D9-45E7-BF63-3FDB5FB67A25}.Release|iPhoneSimulator.Build.0 = Release|Any CPU
		{178505CE-89D9-45E7-BF63-3FDB5FB67A25}.Release|x64.ActiveCfg = Release|Any CPU
		{178505CE-89D9-45E7-BF63-3FDB5FB67A25}.Release|x64.Build.0 = Release|Any CPU
		{178505CE-89D9-45E7-BF63-3FDB5FB67A25}.Release|x86.ActiveCfg = Release|Any CPU
		{178505CE-89D9-45E7-BF63-3FDB5FB67A25}.Release|x86.Build.0 = Release|Any CPU
		{7C65984A-4DDF-41C9-878D-935D45C07226}.Ad-Hoc|Any CPU.ActiveCfg = Release|Any CPU
		{7C65984A-4DDF-41C9-878D-935D45C07226}.Ad-Hoc|Any CPU.Build.0 = Release|Any CPU
		{7C65984A-4DDF-41C9-878D-935D45C07226}.Ad-Hoc|ARM.ActiveCfg = Release|Any CPU
		{7C65984A-4DDF-41C9-878D-935D45C07226}.Ad-Hoc|ARM.Build.0 = Release|Any CPU
		{7C65984A-4DDF-41C9-878D-935D45C07226}.Ad-Hoc|iPhone.ActiveCfg = Release|Any CPU
		{7C65984A-4DDF-41C9-878D-935D45C07226}.Ad-Hoc|iPhone.Build.0 = Release|Any CPU
		{7C65984A-4DDF-41C9-878D-935D45C07226}.Ad-Hoc|iPhoneSimulator.ActiveCfg = Release|Any CPU
		{7C65984A-4DDF-41C9-878D-935D45C07226}.Ad-Hoc|iPhoneSimulator.Build.0 = Release|Any CPU
		{7C65984A-4DDF-41C9-878D-935D45C07226}.Ad-Hoc|x64.ActiveCfg = Release|Any CPU
		{7C65984A-4DDF-41C9-878D-935D45C07226}.Ad-Hoc|x64.Build.0 = Release|Any CPU
		{7C65984A-4DDF-41C9-878D-935D45C07226}.Ad-Hoc|x86.ActiveCfg = Release|Any CPU
		{7C65984A-4DDF-41C9-878D-935D45C07226}.Ad-Hoc|x86.Build.0 = Release|Any CPU
		{7C65984A-4DDF-41C9-878D-935D45C07226}.AppStore|Any CPU.ActiveCfg = Release|Any CPU
		{7C65984A-4DDF-41C9-878D-935D45C07226}.AppStore|Any CPU.Build.0 = Release|Any CPU
		{7C65984A-4DDF-41C9-878D-935D45C07226}.AppStore|ARM.ActiveCfg = Release|Any CPU
		{7C65984A-4DDF-41C9-878D-935D45C07226}.AppStore|ARM.Build.0 = Release|Any CPU
		{7C65984A-4DDF-41C9-878D-935D45C07226}.AppStore|iPhone.ActiveCfg = Release|Any CPU
		{7C65984A-4DDF-41C9-878D-935D45C07226}.AppStore|iPhone.Build.0 = Release|Any CPU
		{7C65984A-4DDF-41C9-878D-935D45C07226}.AppStore|iPhoneSimulator.ActiveCfg = Release|Any CPU
		{7C65984A-4DDF-41C9-878D-935D45C07226}.AppStore|iPhoneSimulator.Build.0 = Release|Any CPU
		{7C65984A-4DDF-41C9-878D-935D45C07226}.AppStore|x64.ActiveCfg = Release|Any CPU
		{7C65984A-4DDF-41C9-878D-935D45C07226}.AppStore|x64.Build.0 = Release|Any CPU
		{7C65984A-4DDF-41C9-878D-935D45C07226}.AppStore|x86.ActiveCfg = Release|Any CPU
		{7C65984A-4DDF-41C9-878D-935D45C07226}.AppStore|x86.Build.0 = Release|Any CPU
		{7C65984A-4DDF-41C9-878D-935D45C07226}.Debug|Any CPU.ActiveCfg = Debug|Any CPU
		{7C65984A-4DDF-41C9-878D-935D45C07226}.Debug|Any CPU.Build.0 = Debug|Any CPU
		{7C65984A-4DDF-41C9-878D-935D45C07226}.Debug|ARM.ActiveCfg = Debug|Any CPU
		{7C65984A-4DDF-41C9-878D-935D45C07226}.Debug|ARM.Build.0 = Debug|Any CPU
		{7C65984A-4DDF-41C9-878D-935D45C07226}.Debug|iPhone.ActiveCfg = Debug|Any CPU
		{7C65984A-4DDF-41C9-878D-935D45C07226}.Debug|iPhone.Build.0 = Debug|Any CPU
		{7C65984A-4DDF-41C9-878D-935D45C07226}.Debug|iPhoneSimulator.ActiveCfg = Debug|Any CPU
		{7C65984A-4DDF-41C9-878D-935D45C07226}.Debug|iPhoneSimulator.Build.0 = Debug|Any CPU
		{7C65984A-4DDF-41C9-878D-935D45C07226}.Debug|x64.ActiveCfg = Debug|Any CPU
		{7C65984A-4DDF-41C9-878D-935D45C07226}.Debug|x64.Build.0 = Debug|Any CPU
		{7C65984A-4DDF-41C9-878D-935D45C07226}.Debug|x86.ActiveCfg = Debug|Any CPU
		{7C65984A-4DDF-41C9-878D-935D45C07226}.Debug|x86.Build.0 = Debug|Any CPU
		{7C65984A-4DDF-41C9-878D-935D45C07226}.Release|Any CPU.ActiveCfg = Release|Any CPU
		{7C65984A-4DDF-41C9-878D-935D45C07226}.Release|Any CPU.Build.0 = Release|Any CPU
		{7C65984A-4DDF-41C9-878D-935D45C07226}.Release|ARM.ActiveCfg = Release|Any CPU
		{7C65984A-4DDF-41C9-878D-935D45C07226}.Release|ARM.Build.0 = Release|Any CPU
		{7C65984A-4DDF-41C9-878D-935D45C07226}.Release|iPhone.ActiveCfg = Release|Any CPU
		{7C65984A-4DDF-41C9-878D-935D45C07226}.Release|iPhone.Build.0 = Release|Any CPU
		{7C65984A-4DDF-41C9-878D-935D45C07226}.Release|iPhoneSimulator.ActiveCfg = Release|Any CPU
		{7C65984A-4DDF-41C9-878D-935D45C07226}.Release|iPhoneSimulator.Build.0 = Release|Any CPU
		{7C65984A-4DDF-41C9-878D-935D45C07226}.Release|x64.ActiveCfg = Release|Any CPU
		{7C65984A-4DDF-41C9-878D-935D45C07226}.Release|x64.Build.0 = Release|Any CPU
		{7C65984A-4DDF-41C9-878D-935D45C07226}.Release|x86.ActiveCfg = Release|Any CPU
		{7C65984A-4DDF-41C9-878D-935D45C07226}.Release|x86.Build.0 = Release|Any CPU
		{50A74CD0-0C8F-461B-8761-2ED5391E419A}.Ad-Hoc|Any CPU.ActiveCfg = Release|Any CPU
		{50A74CD0-0C8F-461B-8761-2ED5391E419A}.Ad-Hoc|Any CPU.Build.0 = Release|Any CPU
		{50A74CD0-0C8F-461B-8761-2ED5391E419A}.Ad-Hoc|ARM.ActiveCfg = Release|Any CPU
		{50A74CD0-0C8F-461B-8761-2ED5391E419A}.Ad-Hoc|ARM.Build.0 = Release|Any CPU
		{50A74CD0-0C8F-461B-8761-2ED5391E419A}.Ad-Hoc|iPhone.ActiveCfg = Release|Any CPU
		{50A74CD0-0C8F-461B-8761-2ED5391E419A}.Ad-Hoc|iPhone.Build.0 = Release|Any CPU
		{50A74CD0-0C8F-461B-8761-2ED5391E419A}.Ad-Hoc|iPhoneSimulator.ActiveCfg = Release|Any CPU
		{50A74CD0-0C8F-461B-8761-2ED5391E419A}.Ad-Hoc|iPhoneSimulator.Build.0 = Release|Any CPU
		{50A74CD0-0C8F-461B-8761-2ED5391E419A}.Ad-Hoc|x64.ActiveCfg = Release|Any CPU
		{50A74CD0-0C8F-461B-8761-2ED5391E419A}.Ad-Hoc|x64.Build.0 = Release|Any CPU
		{50A74CD0-0C8F-461B-8761-2ED5391E419A}.Ad-Hoc|x86.ActiveCfg = Release|Any CPU
		{50A74CD0-0C8F-461B-8761-2ED5391E419A}.Ad-Hoc|x86.Build.0 = Release|Any CPU
		{50A74CD0-0C8F-461B-8761-2ED5391E419A}.AppStore|Any CPU.ActiveCfg = Release|Any CPU
		{50A74CD0-0C8F-461B-8761-2ED5391E419A}.AppStore|Any CPU.Build.0 = Release|Any CPU
		{50A74CD0-0C8F-461B-8761-2ED5391E419A}.AppStore|ARM.ActiveCfg = Release|Any CPU
		{50A74CD0-0C8F-461B-8761-2ED5391E419A}.AppStore|ARM.Build.0 = Release|Any CPU
		{50A74CD0-0C8F-461B-8761-2ED5391E419A}.AppStore|iPhone.ActiveCfg = Release|Any CPU
		{50A74CD0-0C8F-461B-8761-2ED5391E419A}.AppStore|iPhone.Build.0 = Release|Any CPU
		{50A74CD0-0C8F-461B-8761-2ED5391E419A}.AppStore|iPhoneSimulator.ActiveCfg = Release|Any CPU
		{50A74CD0-0C8F-461B-8761-2ED5391E419A}.AppStore|iPhoneSimulator.Build.0 = Release|Any CPU
		{50A74CD0-0C8F-461B-8761-2ED5391E419A}.AppStore|x64.ActiveCfg = Release|Any CPU
		{50A74CD0-0C8F-461B-8761-2ED5391E419A}.AppStore|x64.Build.0 = Release|Any CPU
		{50A74CD0-0C8F-461B-8761-2ED5391E419A}.AppStore|x86.ActiveCfg = Release|Any CPU
		{50A74CD0-0C8F-461B-8761-2ED5391E419A}.AppStore|x86.Build.0 = Release|Any CPU
		{50A74CD0-0C8F-461B-8761-2ED5391E419A}.Debug|Any CPU.ActiveCfg = Debug|Any CPU
		{50A74CD0-0C8F-461B-8761-2ED5391E419A}.Debug|Any CPU.Build.0 = Debug|Any CPU
		{50A74CD0-0C8F-461B-8761-2ED5391E419A}.Debug|ARM.ActiveCfg = Debug|Any CPU
		{50A74CD0-0C8F-461B-8761-2ED5391E419A}.Debug|ARM.Build.0 = Debug|Any CPU
		{50A74CD0-0C8F-461B-8761-2ED5391E419A}.Debug|iPhone.ActiveCfg = Debug|Any CPU
		{50A74CD0-0C8F-461B-8761-2ED5391E419A}.Debug|iPhone.Build.0 = Debug|Any CPU
		{50A74CD0-0C8F-461B-8761-2ED5391E419A}.Debug|iPhoneSimulator.ActiveCfg = Debug|Any CPU
		{50A74CD0-0C8F-461B-8761-2ED5391E419A}.Debug|iPhoneSimulator.Build.0 = Debug|Any CPU
		{50A74CD0-0C8F-461B-8761-2ED5391E419A}.Debug|x64.ActiveCfg = Debug|Any CPU
		{50A74CD0-0C8F-461B-8761-2ED5391E419A}.Debug|x64.Build.0 = Debug|Any CPU
		{50A74CD0-0C8F-461B-8761-2ED5391E419A}.Debug|x86.ActiveCfg = Debug|Any CPU
		{50A74CD0-0C8F-461B-8761-2ED5391E419A}.Debug|x86.Build.0 = Debug|Any CPU
		{50A74CD0-0C8F-461B-8761-2ED5391E419A}.Release|Any CPU.ActiveCfg = Release|Any CPU
		{50A74CD0-0C8F-461B-8761-2ED5391E419A}.Release|Any CPU.Build.0 = Release|Any CPU
		{50A74CD0-0C8F-461B-8761-2ED5391E419A}.Release|ARM.ActiveCfg = Release|Any CPU
		{50A74CD0-0C8F-461B-8761-2ED5391E419A}.Release|ARM.Build.0 = Release|Any CPU
		{50A74CD0-0C8F-461B-8761-2ED5391E419A}.Release|iPhone.ActiveCfg = Release|Any CPU
		{50A74CD0-0C8F-461B-8761-2ED5391E419A}.Release|iPhone.Build.0 = Release|Any CPU
		{50A74CD0-0C8F-461B-8761-2ED5391E419A}.Release|iPhoneSimulator.ActiveCfg = Release|Any CPU
		{50A74CD0-0C8F-461B-8761-2ED5391E419A}.Release|iPhoneSimulator.Build.0 = Release|Any CPU
		{50A74CD0-0C8F-461B-8761-2ED5391E419A}.Release|x64.ActiveCfg = Release|Any CPU
		{50A74CD0-0C8F-461B-8761-2ED5391E419A}.Release|x64.Build.0 = Release|Any CPU
		{50A74CD0-0C8F-461B-8761-2ED5391E419A}.Release|x86.ActiveCfg = Release|Any CPU
		{50A74CD0-0C8F-461B-8761-2ED5391E419A}.Release|x86.Build.0 = Release|Any CPU
		{3A8C70A6-76BC-4725-9A31-CEF892556EB9}.Ad-Hoc|Any CPU.ActiveCfg = Debug|Any CPU
		{3A8C70A6-76BC-4725-9A31-CEF892556EB9}.Ad-Hoc|Any CPU.Build.0 = Debug|Any CPU
		{3A8C70A6-76BC-4725-9A31-CEF892556EB9}.Ad-Hoc|ARM.ActiveCfg = Debug|Any CPU
		{3A8C70A6-76BC-4725-9A31-CEF892556EB9}.Ad-Hoc|ARM.Build.0 = Debug|Any CPU
		{3A8C70A6-76BC-4725-9A31-CEF892556EB9}.Ad-Hoc|iPhone.ActiveCfg = Debug|Any CPU
		{3A8C70A6-76BC-4725-9A31-CEF892556EB9}.Ad-Hoc|iPhone.Build.0 = Debug|Any CPU
		{3A8C70A6-76BC-4725-9A31-CEF892556EB9}.Ad-Hoc|iPhoneSimulator.ActiveCfg = Debug|Any CPU
		{3A8C70A6-76BC-4725-9A31-CEF892556EB9}.Ad-Hoc|iPhoneSimulator.Build.0 = Debug|Any CPU
		{3A8C70A6-76BC-4725-9A31-CEF892556EB9}.Ad-Hoc|x64.ActiveCfg = Debug|Any CPU
		{3A8C70A6-76BC-4725-9A31-CEF892556EB9}.Ad-Hoc|x64.Build.0 = Debug|Any CPU
		{3A8C70A6-76BC-4725-9A31-CEF892556EB9}.Ad-Hoc|x86.ActiveCfg = Debug|Any CPU
		{3A8C70A6-76BC-4725-9A31-CEF892556EB9}.Ad-Hoc|x86.Build.0 = Debug|Any CPU
		{3A8C70A6-76BC-4725-9A31-CEF892556EB9}.AppStore|Any CPU.ActiveCfg = Debug|Any CPU
		{3A8C70A6-76BC-4725-9A31-CEF892556EB9}.AppStore|Any CPU.Build.0 = Debug|Any CPU
		{3A8C70A6-76BC-4725-9A31-CEF892556EB9}.AppStore|ARM.ActiveCfg = Debug|Any CPU
		{3A8C70A6-76BC-4725-9A31-CEF892556EB9}.AppStore|ARM.Build.0 = Debug|Any CPU
		{3A8C70A6-76BC-4725-9A31-CEF892556EB9}.AppStore|iPhone.ActiveCfg = Debug|Any CPU
		{3A8C70A6-76BC-4725-9A31-CEF892556EB9}.AppStore|iPhone.Build.0 = Debug|Any CPU
		{3A8C70A6-76BC-4725-9A31-CEF892556EB9}.AppStore|iPhoneSimulator.ActiveCfg = Debug|Any CPU
		{3A8C70A6-76BC-4725-9A31-CEF892556EB9}.AppStore|iPhoneSimulator.Build.0 = Debug|Any CPU
		{3A8C70A6-76BC-4725-9A31-CEF892556EB9}.AppStore|x64.ActiveCfg = Debug|Any CPU
		{3A8C70A6-76BC-4725-9A31-CEF892556EB9}.AppStore|x64.Build.0 = Debug|Any CPU
		{3A8C70A6-76BC-4725-9A31-CEF892556EB9}.AppStore|x86.ActiveCfg = Debug|Any CPU
		{3A8C70A6-76BC-4725-9A31-CEF892556EB9}.AppStore|x86.Build.0 = Debug|Any CPU
		{3A8C70A6-76BC-4725-9A31-CEF892556EB9}.Debug|Any CPU.ActiveCfg = Debug|Any CPU
		{3A8C70A6-76BC-4725-9A31-CEF892556EB9}.Debug|Any CPU.Build.0 = Debug|Any CPU
		{3A8C70A6-76BC-4725-9A31-CEF892556EB9}.Debug|ARM.ActiveCfg = Debug|Any CPU
		{3A8C70A6-76BC-4725-9A31-CEF892556EB9}.Debug|ARM.Build.0 = Debug|Any CPU
		{3A8C70A6-76BC-4725-9A31-CEF892556EB9}.Debug|iPhone.ActiveCfg = Debug|Any CPU
		{3A8C70A6-76BC-4725-9A31-CEF892556EB9}.Debug|iPhone.Build.0 = Debug|Any CPU
		{3A8C70A6-76BC-4725-9A31-CEF892556EB9}.Debug|iPhoneSimulator.ActiveCfg = Debug|Any CPU
		{3A8C70A6-76BC-4725-9A31-CEF892556EB9}.Debug|iPhoneSimulator.Build.0 = Debug|Any CPU
		{3A8C70A6-76BC-4725-9A31-CEF892556EB9}.Debug|x64.ActiveCfg = Debug|Any CPU
		{3A8C70A6-76BC-4725-9A31-CEF892556EB9}.Debug|x64.Build.0 = Debug|Any CPU
		{3A8C70A6-76BC-4725-9A31-CEF892556EB9}.Debug|x86.ActiveCfg = Debug|Any CPU
		{3A8C70A6-76BC-4725-9A31-CEF892556EB9}.Debug|x86.Build.0 = Debug|Any CPU
		{3A8C70A6-76BC-4725-9A31-CEF892556EB9}.Release|Any CPU.ActiveCfg = Release|Any CPU
		{3A8C70A6-76BC-4725-9A31-CEF892556EB9}.Release|Any CPU.Build.0 = Release|Any CPU
		{3A8C70A6-76BC-4725-9A31-CEF892556EB9}.Release|ARM.ActiveCfg = Release|Any CPU
		{3A8C70A6-76BC-4725-9A31-CEF892556EB9}.Release|ARM.Build.0 = Release|Any CPU
		{3A8C70A6-76BC-4725-9A31-CEF892556EB9}.Release|iPhone.ActiveCfg = Release|Any CPU
		{3A8C70A6-76BC-4725-9A31-CEF892556EB9}.Release|iPhone.Build.0 = Release|Any CPU
		{3A8C70A6-76BC-4725-9A31-CEF892556EB9}.Release|iPhoneSimulator.ActiveCfg = Release|Any CPU
		{3A8C70A6-76BC-4725-9A31-CEF892556EB9}.Release|iPhoneSimulator.Build.0 = Release|Any CPU
		{3A8C70A6-76BC-4725-9A31-CEF892556EB9}.Release|x64.ActiveCfg = Release|Any CPU
		{3A8C70A6-76BC-4725-9A31-CEF892556EB9}.Release|x64.Build.0 = Release|Any CPU
		{3A8C70A6-76BC-4725-9A31-CEF892556EB9}.Release|x86.ActiveCfg = Release|Any CPU
		{3A8C70A6-76BC-4725-9A31-CEF892556EB9}.Release|x86.Build.0 = Release|Any CPU
	EndGlobalSection
	GlobalSection(SolutionProperties) = preSolution
		HideSolutionNode = FALSE
	EndGlobalSection
	GlobalSection(NestedProjects) = preSolution
		{50A74CD0-0C8F-461B-8761-2ED5391E419A} = {C906AC19-40D4-43BA-AA13-20D60C5B164A}
	EndGlobalSection
	GlobalSection(ExtensibilityGlobals) = postSolution
		SolutionGuid = {6CB255E5-20AD-43D6-BFBB-22A45B980E8C}
	EndGlobalSection
EndGlobal
